
Microsoft Visual Studio Solution File, Format Version 12.00
# Visual Studio 15
VisualStudioVersion = 15.0.28306.52
MinimumVisualStudioVersion = 10.0.40219.1
Project("{FAE04EC0-301F-11D3-BF4B-00C04F79EFBC}") = "WebTravelMap", "WebTravelMap\WebTravelMap.csproj", "{0A1C4BDE-C65D-4480-BA9C-F27E4BBBAC8E}"
EndProject
Global
	GlobalSection(SolutionConfigurationPlatforms) = preSolution
		Debug|Any CPU = Debug|Any CPU
		Release|Any CPU = Release|Any CPU
	EndGlobalSection
	GlobalSection(ProjectConfigurationPlatforms) = postSolution
		{0A1C4BDE-C65D-4480-BA9C-F27E4BBBAC8E}.Debug|Any CPU.ActiveCfg = Debug|Any CPU
		{0A1C4BDE-C65D-4480-BA9C-F27E4BBBAC8E}.Debug|Any CPU.Build.0 = Debug|Any CPU
		{0A1C4BDE-C65D-4480-BA9C-F27E4BBBAC8E}.Release|Any CPU.ActiveCfg = Release|Any CPU
		{0A1C4BDE-C65D-4480-BA9C-F27E4BBBAC8E}.Release|Any CPU.Build.0 = Release|Any CPU
	EndGlobalSection
	GlobalSection(SolutionProperties) = preSolution
		HideSolutionNode = FALSE
	EndGlobalSection
	GlobalSection(ExtensibilityGlobals) = postSolution
		SolutionGuid = {765FFEEB-776C-48A1-B972-657EC8E22B28}
	EndGlobalSection
EndGlobal
